
Microsoft Visual Studio Solution File, Format Version 12.00
# Visual Studio Version 17
VisualStudioVersion = 17.10.35013.160
MinimumVisualStudioVersion = 10.0.40219.1
Project("{778DAE3C-4631-46EA-AA77-85C1314464D9}") = "AC2024", "AC2024.vbproj", "{364754F3-B5B3-4EA7-8747-0FE266A6908B}"
EndProject
Global
	GlobalSection(SolutionConfigurationPlatforms) = preSolution
		Debug|Any CPU = Debug|Any CPU
		Release|Any CPU = Release|Any CPU
	EndGlobalSection
	GlobalSection(ProjectConfigurationPlatforms) = postSolution
		{364754F3-B5B3-4EA7-8747-0FE266A6908B}.Debug|Any CPU.ActiveCfg = Debug|Any CPU
		{364754F3-B5B3-4EA7-8747-0FE266A6908B}.Debug|Any CPU.Build.0 = Debug|Any CPU
		{364754F3-B5B3-4EA7-8747-0FE266A6908B}.Release|Any CPU.ActiveCfg = Release|Any CPU
		{364754F3-B5B3-4EA7-8747-0FE266A6908B}.Release|Any CPU.Build.0 = Release|Any CPU
	EndGlobalSection
	GlobalSection(SolutionProperties) = preSolution
		HideSolutionNode = FALSE
	EndGlobalSection
	GlobalSection(ExtensibilityGlobals) = postSolution
		SolutionGuid = {CD8DF1FA-F8B1-41A7-86EA-2093A01BC15E}
	EndGlobalSection
EndGlobal
